
Microsoft Visual Studio Solution File, Format Version 12.00
# Visual Studio Version 17
VisualStudioVersion = 17.5.33424.131
MinimumVisualStudioVersion = 10.0.40219.1
Project("{9A19103F-16F7-4668-BE54-9A1E7A4F7556}") = "RentalApp", "RentalApp\RentalApp.csproj", "{422AA667-2B47-48D9-9F16-B6E6580666A9}"
EndProject
Project("{FAE04EC0-301F-11D3-BF4B-00C04F79EFBC}") = "RentalApp.Test", "RentalApp.Test\RentalApp.Test.csproj", "{69263A38-2844-4DAB-8507-9E2EF4E2329E}"
EndProject
Global
	GlobalSection(SolutionConfigurationPlatforms) = preSolution
		Debug|Any CPU = Debug|Any CPU
		Release|Any CPU = Release|Any CPU
	EndGlobalSection
	GlobalSection(ProjectConfigurationPlatforms) = postSolution
		{422AA667-2B47-48D9-9F16-B6E6580666A9}.Debug|Any CPU.ActiveCfg = Debug|Any CPU
		{422AA667-2B47-48D9-9F16-B6E6580666A9}.Debug|Any CPU.Build.0 = Debug|Any CPU
		{422AA667-2B47-48D9-9F16-B6E6580666A9}.Release|Any CPU.ActiveCfg = Release|Any CPU
		{422AA667-2B47-48D9-9F16-B6E6580666A9}.Release|Any CPU.Build.0 = Release|Any CPU
		{69263A38-2844-4DAB-8507-9E2EF4E2329E}.Debug|Any CPU.ActiveCfg = Debug|Any CPU
		{69263A38-2844-4DAB-8507-9E2EF4E2329E}.Debug|Any CPU.Build.0 = Debug|Any CPU
		{69263A38-2844-4DAB-8507-9E2EF4E2329E}.Release|Any CPU.ActiveCfg = Release|Any CPU
		{69263A38-2844-4DAB-8507-9E2EF4E2329E}.Release|Any CPU.Build.0 = Release|Any CPU
	EndGlobalSection
	GlobalSection(SolutionProperties) = preSolution
		HideSolutionNode = FALSE
	EndGlobalSection
	GlobalSection(ExtensibilityGlobals) = postSolution
		SolutionGuid = {79977E6B-7A8A-49AC-A487-4FAF535E9879}
	EndGlobalSection
EndGlobal
